{
  "lockfile_version": "1",
  "packages": {
    "autoconf@latest": {
      "last_modified": "2024-11-03T14:18:04Z",
      "resolved": "github:NixOS/nixpkgs/4ae2e647537bcdbb82265469442713d066675275#autoconf",
      "source": "devbox-search",
      "version": "2.72",
      "systems": {
        "aarch64-darwin": {
          "outputs": [
            {
              "name": "out",
              "path": "/nix/store/lkqaghqp1i4y268171sqxak1i2iz2nfl-autoconf-2.72",
              "default": true
            },
            {
              "name": "doc",
              "path": "/nix/store/7s9wdh0h1fdp6ifglkrglqbcz0pqs0nc-autoconf-2.72-doc"
            }
          ],
          "store_path": "/nix/store/lkqaghqp1i4y268171sqxak1i2iz2nfl-autoconf-2.72"
        },
        "aarch64-linux": {
          "outputs": [
            {
              "name": "out",
              "path": "/nix/store/sgyn8pfhaxfn2vf3mbin9vw0197wi8b5-autoconf-2.72",
              "default": true
            },
            {
              "name": "doc",
              "path": "/nix/store/1nqgyny5lqmqgvj1gpl6nic3sdxqjgbq-autoconf-2.72-doc"
            }
          ],
          "store_path": "/nix/store/sgyn8pfhaxfn2vf3mbin9vw0197wi8b5-autoconf-2.72"
        },
        "x86_64-darwin": {
          "outputs": [
            {
              "name": "out",
              "path": "/nix/store/q9x1drcywfa9377vnzv5jh4my43a5lg0-autoconf-2.72",
              "default": true
            },
            {
              "name": "doc",
              "path": "/nix/store/kswp1m38d2pk9vipqw7mkrjm7dhq0zmm-autoconf-2.72-doc"
            }
          ],
          "store_path": "/nix/store/q9x1drcywfa9377vnzv5jh4my43a5lg0-autoconf-2.72"
        },
        "x86_64-linux": {
          "outputs": [
            {
              "name": "out",
              "path": "/nix/store/83qrfrmc7gqh2hqprprz9z9fvbaw8346-autoconf-2.72",
              "default": true
            },
            {
              "name": "doc",
              "path": "/nix/store/pry7ylzsdjnlngwfnh21ammfdqqbrdxh-autoconf-2.72-doc"
            }
          ],
          "store_path": "/nix/store/83qrfrmc7gqh2hqprprz9z9fvbaw8346-autoconf-2.72"
        }
      }
    },
    "automake@latest": {
      "last_modified": "2024-11-03T14:18:04Z",
      "resolved": "github:NixOS/nixpkgs/4ae2e647537bcdbb82265469442713d066675275#automake",
      "source": "devbox-search",
      "version": "1.16.5",
      "systems": {
        "aarch64-darwin": {
          "outputs": [
            {
              "name": "out",
              "path": "/nix/store/75msk7kfbc4pj297z8xyck0zjhybayqj-automake-1.16.5",
              "default": true
            }
          ],
          "store_path": "/nix/store/75msk7kfbc4pj297z8xyck0zjhybayqj-automake-1.16.5"
        },
        "aarch64-linux": {
          "outputs": [
            {
              "name": "out",
              "path": "/nix/store/qpkkfa88n6phvjj1a6bb8a1nninx2c9q-automake-1.16.5",
              "default": true
            }
          ],
          "store_path": "/nix/store/qpkkfa88n6phvjj1a6bb8a1nninx2c9q-automake-1.16.5"
        },
        "x86_64-darwin": {
          "outputs": [
            {
              "name": "out",
              "path": "/nix/store/kyigfnnfdrsglyd7ikg21jr8kms6ni00-automake-1.16.5",
              "default": true
            }
          ],
          "store_path": "/nix/store/kyigfnnfdrsglyd7ikg21jr8kms6ni00-automake-1.16.5"
        },
        "x86_64-linux": {
          "outputs": [
            {
              "name": "out",
              "path": "/nix/store/rzwaf22lbapbmyd6izgmjgidxkqpyh9i-automake-1.16.5",
              "default": true
            }
          ],
          "store_path": "/nix/store/rzwaf22lbapbmyd6izgmjgidxkqpyh9i-automake-1.16.5"
        }
      }
    },
    "ccache@latest": {
      "last_modified": "2024-11-03T14:18:04Z",
      "resolved": "github:NixOS/nixpkgs/4ae2e647537bcdbb82265469442713d066675275#ccache",
      "source": "devbox-search",
      "version": "4.10.2",
      "systems": {
        "aarch64-darwin": {
          "outputs": [
            {
              "name": "out",
              "path": "/nix/store/82pxa23mrlkgajhgrxmyf0h0ybb54v0d-ccache-4.10.2",
              "default": true
            },
            {
              "name": "man",
              "path": "/nix/store/niz54smf0blwxsfc5n8ny99gk1a13h7l-ccache-4.10.2-man",
              "default": true
            }
          ],
          "store_path": "/nix/store/82pxa23mrlkgajhgrxmyf0h0ybb54v0d-ccache-4.10.2"
        },
        "aarch64-linux": {
          "outputs": [
            {
              "name": "out",
              "path": "/nix/store/dz28y29fyf2h3l5cpi7hq7fsq4ghl6rp-ccache-4.10.2",
              "default": true
            },
            {
              "name": "man",
              "path": "/nix/store/4wcdy67w32l7fcnks93smds90hf42cyf-ccache-4.10.2-man",
              "default": true
            }
          ],
          "store_path": "/nix/store/dz28y29fyf2h3l5cpi7hq7fsq4ghl6rp-ccache-4.10.2"
        },
        "x86_64-darwin": {
          "outputs": [
            {
              "name": "out",
              "path": "/nix/store/5mgdfgqbdl88w53a82vq78mky2pd4q1d-ccache-4.10.2",
              "default": true
            },
            {
              "name": "man",
              "path": "/nix/store/z9fn56sgm13jp4jm21w6d4zns10sq47y-ccache-4.10.2-man",
              "default": true
            }
          ],
          "store_path": "/nix/store/5mgdfgqbdl88w53a82vq78mky2pd4q1d-ccache-4.10.2"
        },
        "x86_64-linux": {
          "outputs": [
            {
              "name": "out",
              "path": "/nix/store/qb9f59halilymzmxhgyvndqbrrk3h3rj-ccache-4.10.2",
              "default": true
            },
            {
              "name": "man",
              "path": "/nix/store/kh78krrqsv1k81wxxccmlwj9miwj58ry-ccache-4.10.2-man",
              "default": true
            }
          ],
          "store_path": "/nix/store/qb9f59halilymzmxhgyvndqbrrk3h3rj-ccache-4.10.2"
        }
      }
    },
    "clang@latest": {
      "last_modified": "2024-11-03T14:18:04Z",
      "resolved": "github:NixOS/nixpkgs/4ae2e647537bcdbb82265469442713d066675275#clang",
      "source": "devbox-search",
      "version": "18.1.8",
      "systems": {
        "aarch64-darwin": {
          "outputs": [
            {
              "path": "/nix/store/700a0ayy1s1h7zg9dqiqy0xvmhfr26l6-clang-wrapper-16.0.6",
              "default": true
            }
          ]
        },
        "aarch64-linux": {
          "outputs": [
            {
              "name": "out",
              "path": "/nix/store/0wvjh9f0yamfs8yckkhskazy5sxwc48d-clang-wrapper-18.1.8",
              "default": true
            }
          ],
          "store_path": "/nix/store/0wvjh9f0yamfs8yckkhskazy5sxwc48d-clang-wrapper-18.1.8"
        },
        "x86_64-linux": {
          "outputs": [
            {
              "name": "out",
              "path": "/nix/store/qajfjv5lnfys2ykm0ggkr4lnnkvgs10r-clang-wrapper-18.1.8",
              "default": true
            }
          ],
          "store_path": "/nix/store/qajfjv5lnfys2ykm0ggkr4lnnkvgs10r-clang-wrapper-18.1.8"
        }
      }
    },
    "ctags@latest": {
      "last_modified": "2024-11-03T14:18:04Z",
      "resolved": "github:NixOS/nixpkgs/4ae2e647537bcdbb82265469442713d066675275#ctags",
      "source": "devbox-search",
      "version": "816",
      "systems": {
        "aarch64-darwin": {
          "outputs": [
            {
              "name": "out",
              "path": "/nix/store/fsi3771n3gfx4kbx3i4yrzlvhfpnjg3w-ctags-816",
              "default": true
            }
          ],
          "store_path": "/nix/store/fsi3771n3gfx4kbx3i4yrzlvhfpnjg3w-ctags-816"
        },
        "aarch64-linux": {
          "outputs": [
            {
              "name": "out",
              "path": "/nix/store/smjj0ijbmskrx65krbkmxdgfj9bx2l1k-ctags-816",
              "default": true
            }
          ],
          "store_path": "/nix/store/smjj0ijbmskrx65krbkmxdgfj9bx2l1k-ctags-816"
        },
        "x86_64-darwin": {
          "outputs": [
            {
              "name": "out",
              "path": "/nix/store/zwmj4p45gsj36px1xy423fx1k6vs4bxb-ctags-816",
              "default": true
            }
          ],
          "store_path": "/nix/store/zwmj4p45gsj36px1xy423fx1k6vs4bxb-ctags-816"
        },
        "x86_64-linux": {
          "outputs": [
            {
              "name": "out",
              "path": "/nix/store/8zm5xywccvwz6xnf9j6gw4mqxcn6q87b-ctags-816",
              "default": true
            }
          ],
          "store_path": "/nix/store/8zm5xywccvwz6xnf9j6gw4mqxcn6q87b-ctags-816"
        }
      }
    },
    "git@latest": {
      "last_modified": "2024-11-03T14:18:04Z",
      "resolved": "github:NixOS/nixpkgs/4ae2e647537bcdbb82265469442713d066675275#git",
      "source": "devbox-search",
      "version": "2.47.0",
      "systems": {
        "aarch64-darwin": {
          "outputs": [
            {
              "name": "out",
              "path": "/nix/store/cyd9di9q6vsdnffn63m75nsnpf425v90-git-2.47.0",
              "default": true
            },
            {
              "name": "doc",
              "path": "/nix/store/gnwfrg822g1bbvpvml0j8n9xyl6ar5ba-git-2.47.0-doc"
            }
          ],
          "store_path": "/nix/store/cyd9di9q6vsdnffn63m75nsnpf425v90-git-2.47.0"
        },
        "aarch64-linux": {
          "outputs": [
            {
              "name": "out",
              "path": "/nix/store/mv9iialik5dplp2aisz57b8p5gxqgf7x-git-2.47.0",
              "default": true
            },
            {
              "name": "doc",
              "path": "/nix/store/yhni7sp17wcmyxs454vyl1pkzl7mjrmw-git-2.47.0-doc"
            },
            {
              "name": "debug",
              "path": "/nix/store/rh25yqlwvhhq88v66n22dvm7rsnhlg57-git-2.47.0-debug"
            }
          ],
          "store_path": "/nix/store/mv9iialik5dplp2aisz57b8p5gxqgf7x-git-2.47.0"
        },
        "x86_64-darwin": {
          "outputs": [
            {
              "name": "out",
              "path": "/nix/store/5c2w03ma8zc4zjszsfhd67xbdhiz40vy-git-2.47.0",
              "default": true
            },
            {
              "name": "doc",
              "path": "/nix/store/dbgivvv0rj7z5c7hkhf4fcy226rkfhp2-git-2.47.0-doc"
            }
          ],
          "store_path": "/nix/store/5c2w03ma8zc4zjszsfhd67xbdhiz40vy-git-2.47.0"
        },
        "x86_64-linux": {
          "outputs": [
            {
              "name": "out",
              "path": "/nix/store/j44p1p9kci9rnrr3aj9a8j8rwvfmg75k-git-2.47.0",
              "default": true
            },
            {
              "name": "debug",
              "path": "/nix/store/z4b92wpp5jqqgsm46hhig3kd50svc50p-git-2.47.0-debug"
            },
            {
              "name": "doc",
              "path": "/nix/store/h2pa58nivani7fx9f9r4q0fpamj89kf7-git-2.47.0-doc"
            }
          ],
          "store_path": "/nix/store/j44p1p9kci9rnrr3aj9a8j8rwvfmg75k-git-2.47.0"
        }
      }
    },
    "libffi@latest": {
      "last_modified": "2024-11-05T01:08:39Z",
      "resolved": "github:NixOS/nixpkgs/a04d33c0c3f1a59a2c1cb0c6e34cd24500e5a1dc#libffi",
      "source": "devbox-search",
      "version": "3.4.6",
      "systems": {
        "aarch64-darwin": {
          "outputs": [
            {
              "name": "out",
              "path": "/nix/store/zzf996fcjnhj1w2w0zr62jm6xhlqsiga-libffi-3.4.6",
              "default": true
            },
            {
              "name": "man",
              "path": "/nix/store/vda580ps053337g8hy8r65xvnkd3afs1-libffi-3.4.6-man",
              "default": true
            },
            {
              "name": "dev",
              "path": "/nix/store/951a8mwcq8dad5q1y3gr83g8mp48rmhy-libffi-3.4.6-dev"
            },
            {
              "name": "info",
              "path": "/nix/store/hjyrdkr3q354iiqiy5ix8gw3hmd8b4gj-libffi-3.4.6-info"
            }
          ],
          "store_path": "/nix/store/zzf996fcjnhj1w2w0zr62jm6xhlqsiga-libffi-3.4.6"
        },
        "aarch64-linux": {
          "outputs": [
            {
              "name": "out",
              "path": "/nix/store/rh4rr9vaf13b2z8q99y5yyc3fr8mwnq8-libffi-3.4.6",
              "default": true
            },
            {
              "name": "man",
              "path": "/nix/store/3mvyddqzqm1ymldxfszzamsdph29b1sj-libffi-3.4.6-man",
              "default": true
            },
            {
              "name": "dev",
              "path": "/nix/store/r9a1x3cfgms2bkakqwfkarylfq5ys88j-libffi-3.4.6-dev"
            },
            {
              "name": "info",
              "path": "/nix/store/ynn6d4bkw7qhly6g9k7nk1cl6va19wdf-libffi-3.4.6-info"
            }
          ],
          "store_path": "/nix/store/rh4rr9vaf13b2z8q99y5yyc3fr8mwnq8-libffi-3.4.6"
        },
        "x86_64-darwin": {
          "outputs": [
            {
              "name": "out",
              "path": "/nix/store/n27213f7h22l1dm8zcwxclq67mapr0vr-libffi-3.4.6",
              "default": true
            },
            {
              "name": "man",
              "path": "/nix/store/ywjv952n101x9p2mf9cp3i4zj6dpvizz-libffi-3.4.6-man",
              "default": true
            },
            {
              "name": "dev",
              "path": "/nix/store/bmpj9pavgwmbbc3s7aznriwniyrsb7zp-libffi-3.4.6-dev"
            },
            {
              "name": "info",
              "path": "/nix/store/w6df0mbwzf960q1byn8y8xrc18hjk557-libffi-3.4.6-info"
            }
          ],
          "store_path": "/nix/store/n27213f7h22l1dm8zcwxclq67mapr0vr-libffi-3.4.6"
        },
        "x86_64-linux": {
          "outputs": [
            {
              "name": "out",
              "path": "/nix/store/0qiyy7llb8ldillvlvjz1pyawhs5cvpk-libffi-3.4.6",
              "default": true
            },
            {
              "name": "man",
              "path": "/nix/store/wjk33a2nmx3n1230cnkal1wvafll8gvf-libffi-3.4.6-man",
              "default": true
            },
            {
              "name": "dev",
              "path": "/nix/store/rhl22j48423aazmhjkwndpr1syzq5l46-libffi-3.4.6-dev"
            },
            {
              "name": "info",
              "path": "/nix/store/39fnggbgklhwjrjvz0wzzwn7wb0ijqb2-libffi-3.4.6-info"
            }
          ],
          "store_path": "/nix/store/0qiyy7llb8ldillvlvjz1pyawhs5cvpk-libffi-3.4.6"
        }
      }
    },
    "libtool@latest": {
      "last_modified": "2024-11-03T14:18:04Z",
      "resolved": "github:NixOS/nixpkgs/4ae2e647537bcdbb82265469442713d066675275#libtool",
      "source": "devbox-search",
      "version": "2.4.7",
      "systems": {
        "aarch64-darwin": {
          "outputs": [
            {
              "name": "out",
              "path": "/nix/store/hh5yh5xbp4hyh6bn7pj2db9fyxhw3y0q-libtool-2.4.7",
              "default": true
            },
            {
              "name": "lib",
              "path": "/nix/store/3mrkrx9xwfa5g1k1v6y05qjm9zwqv54n-libtool-2.4.7-lib"
            }
          ],
          "store_path": "/nix/store/hh5yh5xbp4hyh6bn7pj2db9fyxhw3y0q-libtool-2.4.7"
        },
        "aarch64-linux": {
          "outputs": [
            {
              "name": "out",
              "path": "/nix/store/sfmm9plyz5g20frbhhngn7bysqvcri17-libtool-2.4.7",
              "default": true
            },
            {
              "name": "lib",
              "path": "/nix/store/dddb3j3javy8n6fvdwybgs8jn2vzv3pg-libtool-2.4.7-lib"
            }
          ],
          "store_path": "/nix/store/sfmm9plyz5g20frbhhngn7bysqvcri17-libtool-2.4.7"
        },
        "x86_64-darwin": {
          "outputs": [
            {
              "name": "out",
              "path": "/nix/store/azda3mnqgdphjmnhd8wfr1carv8bd9j3-libtool-2.4.7",
              "default": true
            },
            {
              "name": "lib",
              "path": "/nix/store/1f6ni9pzkl6nf0apbjplmbhwsgxvz6gi-libtool-2.4.7-lib"
            }
          ],
          "store_path": "/nix/store/azda3mnqgdphjmnhd8wfr1carv8bd9j3-libtool-2.4.7"
        },
        "x86_64-linux": {
          "outputs": [
            {
              "name": "out",
              "path": "/nix/store/zp80yzkx8h1fkf4nx44angggqxwv6wpq-libtool-2.4.7",
              "default": true
            },
            {
              "name": "lib",
              "path": "/nix/store/w64mxmr3pjvny7vg2lhar4ws2fp0jsdn-libtool-2.4.7-lib"
            }
          ],
          "store_path": "/nix/store/zp80yzkx8h1fkf4nx44angggqxwv6wpq-libtool-2.4.7"
        }
      }
    },
    "libyaml@latest": {
      "last_modified": "2024-11-03T14:18:04Z",
      "resolved": "github:NixOS/nixpkgs/4ae2e647537bcdbb82265469442713d066675275#libyaml",
      "source": "devbox-search",
      "version": "0.2.5",
      "systems": {
        "aarch64-darwin": {
          "outputs": [
            {
              "name": "out",
              "path": "/nix/store/xdk4cpgwxl1r7aclh08ydl1z3dmcbb8p-libyaml-0.2.5",
              "default": true
            },
            {
              "name": "dev",
              "path": "/nix/store/9jm6qvrbv9xkyrmymbakrwzfnxsjjmmk-libyaml-0.2.5-dev"
            }
          ],
          "store_path": "/nix/store/xdk4cpgwxl1r7aclh08ydl1z3dmcbb8p-libyaml-0.2.5"
        },
        "aarch64-linux": {
          "outputs": [
            {
              "name": "out",
              "path": "/nix/store/81hk2jf2dxm8wyjfa7bfcpfwlm43b76i-libyaml-0.2.5",
              "default": true
            },
            {
              "name": "dev",
              "path": "/nix/store/8viih8gri2qs3xin9pbd0anjdl0i1ny1-libyaml-0.2.5-dev"
            }
          ],
          "store_path": "/nix/store/81hk2jf2dxm8wyjfa7bfcpfwlm43b76i-libyaml-0.2.5"
        },
        "x86_64-darwin": {
          "outputs": [
            {
              "name": "out",
              "path": "/nix/store/kq06jp62sz5751cdy943yf1wrpib2gjd-libyaml-0.2.5",
              "default": true
            },
            {
              "name": "dev",
              "path": "/nix/store/w8iw294zzy0m7xy11f7abggwlzv3ai67-libyaml-0.2.5-dev"
            }
          ],
          "store_path": "/nix/store/kq06jp62sz5751cdy943yf1wrpib2gjd-libyaml-0.2.5"
        },
        "x86_64-linux": {
          "outputs": [
            {
              "name": "out",
              "path": "/nix/store/gcf2icrzz30n12mcymkckssk1hhldpd9-libyaml-0.2.5",
              "default": true
            },
            {
              "name": "dev",
              "path": "/nix/store/zm85p0pjhd3ria7m6sjqgq1ym4ysljpw-libyaml-0.2.5-dev"
            }
          ],
          "store_path": "/nix/store/gcf2icrzz30n12mcymkckssk1hhldpd9-libyaml-0.2.5"
        }
      }
    },
    "lldb@latest": {
      "last_modified": "2024-11-07T05:50:23Z",
      "resolved": "github:NixOS/nixpkgs/85f7e662eda4fa3a995556527c87b2524b691933#lldb",
      "source": "devbox-search",
      "version": "18.1.8",
      "systems": {
        "aarch64-darwin": {
          "outputs": [
            {
              "path": "/nix/store/bnwmfifd3fkmkf5nwzy6dp17jppc8875-lldb-16.0.6",
              "default": true
            }
          ]
        },
        "aarch64-linux": {
          "outputs": [
            {
              "name": "out",
              "path": "/nix/store/mrx0jg6njcsv93axs3qlflz4z0vmz3rl-lldb-18.1.8",
              "default": true
            },
            {
              "name": "dev",
              "path": "/nix/store/cfxh7sfwnjf542sgxwc234aqf7jwwd77-lldb-18.1.8-dev"
            },
            {
              "name": "lib",
              "path": "/nix/store/wziyg1rlsj4f6sqr0ljkrb4x468xfh78-lldb-18.1.8-lib"
            }
          ],
          "store_path": "/nix/store/mrx0jg6njcsv93axs3qlflz4z0vmz3rl-lldb-18.1.8"
        },
        "x86_64-linux": {
          "outputs": [
            {
              "name": "out",
              "path": "/nix/store/v9x8hphsspsf90vqzz7qrpfnrycfwb9z-lldb-18.1.8",
              "default": true
            },
            {
              "name": "dev",
              "path": "/nix/store/46brr4bpz9zl08xbhwmiylqa02nmnqlq-lldb-18.1.8-dev"
            },
            {
              "name": "lib",
              "path": "/nix/store/ps96djxld2zsq3ycm959s4h98fx6hp8h-lldb-18.1.8-lib"
            }
          ],
          "store_path": "/nix/store/v9x8hphsspsf90vqzz7qrpfnrycfwb9z-lldb-18.1.8"
        }
      }
    },
    "openssl@latest": {
      "last_modified": "2024-11-07T05:50:23Z",
      "resolved": "github:NixOS/nixpkgs/85f7e662eda4fa3a995556527c87b2524b691933#openssl",
      "source": "devbox-search",
      "version": "3.3.2",
      "systems": {
        "aarch64-darwin": {
          "outputs": [
            {
              "name": "bin",
              "path": "/nix/store/r2qjnfs625v3ngrg2vwrs915n2f0viar-openssl-3.3.2-bin",
              "default": true
            },
            {
              "name": "man",
              "path": "/nix/store/a0a4pxb35h4rp68x46rdh1wvk5jdjgds-openssl-3.3.2-man",
              "default": true
            },
            {
              "name": "out",
              "path": "/nix/store/qm16x7kk34j7b6h90dfpj30fjazsswpv-openssl-3.3.2"
            },
            {
              "name": "dev",
              "path": "/nix/store/0kji5v3fkq65yjbzl733ld133d8dqxjh-openssl-3.3.2-dev"
            },
            {
              "name": "doc",
              "path": "/nix/store/ik1nx7m9j8pycbd4c3hz2x9z8k8c6dzr-openssl-3.3.2-doc"
            }
          ],
          "store_path": "/nix/store/r2qjnfs625v3ngrg2vwrs915n2f0viar-openssl-3.3.2-bin"
        },
        "aarch64-linux": {
          "outputs": [
            {
              "name": "bin",
              "path": "/nix/store/h6g6r847dwiyqwhw5zg3wbacmdvz6w7i-openssl-3.3.2-bin",
              "default": true
            },
            {
              "name": "man",
              "path": "/nix/store/38532clg4qirfgy6bwl8s1677rh8xpnx-openssl-3.3.2-man",
              "default": true
            },
            {
              "name": "out",
              "path": "/nix/store/2bm8dphxbxhk9x85k5lb3x6x38cl79b4-openssl-3.3.2"
            },
            {
              "name": "debug",
              "path": "/nix/store/zf7j39gqr81035fnl8rgk1a4zrnjc8hd-openssl-3.3.2-debug"
            },
            {
              "name": "dev",
              "path": "/nix/store/j2rfx6xx6g29dzqy7b9l49np0s9psnbk-openssl-3.3.2-dev"
            },
            {
              "name": "doc",
              "path": "/nix/store/0n59hl88lkhckfy0v6a4jzbpzx1salcr-openssl-3.3.2-doc"
            }
          ],
          "store_path": "/nix/store/h6g6r847dwiyqwhw5zg3wbacmdvz6w7i-openssl-3.3.2-bin"
        },
        "x86_64-darwin": {
          "outputs": [
            {
              "name": "bin",
              "path": "/nix/store/w7c01yksqnz70pc0g5hl3yrlsp9747ag-openssl-3.3.2-bin",
              "default": true
            },
            {
              "name": "man",
              "path": "/nix/store/3idn2vviks3gdlaxkyyisha5j94yz264-openssl-3.3.2-man",
              "default": true
            },
            {
              "name": "dev",
              "path": "/nix/store/rk6kj5fkljjbh6qg2dgkp369p3ln15sw-openssl-3.3.2-dev"
            },
            {
              "name": "doc",
              "path": "/nix/store/rhzmgd8xv3l3dql1z1ppl5xfxv19wfzm-openssl-3.3.2-doc"
            },
            {
              "name": "out",
              "path": "/nix/store/y2xpclclw1icc3azdbq1ga4vbm1j7g1y-openssl-3.3.2"
            }
          ],
          "store_path": "/nix/store/w7c01yksqnz70pc0g5hl3yrlsp9747ag-openssl-3.3.2-bin"
        },
        "x86_64-linux": {
          "outputs": [
            {
              "name": "bin",
              "path": "/nix/store/9x40a20if2q28m96hlw3q5z5q5ajgpgp-openssl-3.3.2-bin",
              "default": true
            },
            {
              "name": "man",
              "path": "/nix/store/sniicxqqxyq4z98ras44illvj7k996g7-openssl-3.3.2-man",
              "default": true
            },
            {
              "name": "dev",
              "path": "/nix/store/xm6d1ig9ff7zkid1gvzsbig45m2pnlaz-openssl-3.3.2-dev"
            },
            {
              "name": "doc",
              "path": "/nix/store/bdvckip8agmykajljwf1jwxivk39svi3-openssl-3.3.2-doc"
            },
            {
              "name": "out",
              "path": "/nix/store/m8gwqmn8k3jm0gbcia358mz4y00lgmbc-openssl-3.3.2"
            },
            {
              "name": "debug",
              "path": "/nix/store/06s3mk1hdxr3yhj14kfxj0jxr8j9d9xi-openssl-3.3.2-debug"
            }
          ],
          "store_path": "/nix/store/9x40a20if2q28m96hlw3q5z5q5ajgpgp-openssl-3.3.2-bin"
        }
      }
    },
    "ruby_3_3@latest": {
      "last_modified": "2024-09-10T15:01:03Z",
      "plugin_version": "0.0.2",
      "resolved": "github:NixOS/nixpkgs/5ed627539ac84809c78b2dd6d26a5cebeb5ae269#ruby",
      "source": "devbox-search",
      "version": "3.3.4",
      "systems": {
        "aarch64-darwin": {
          "outputs": [
            {
              "name": "out",
              "path": "/nix/store/zsngi7cq7asxc6kb0lcmbyydasfrmai6-ruby-3.3.4",
              "default": true
            },
            {
              "name": "devdoc",
              "path": "/nix/store/c0zmjmfw5pp00slwy842bd8zzy74pava-ruby-3.3.4-devdoc"
            }
          ],
          "store_path": "/nix/store/zsngi7cq7asxc6kb0lcmbyydasfrmai6-ruby-3.3.4"
        },
        "aarch64-linux": {
          "outputs": [
            {
              "name": "out",
              "path": "/nix/store/8vri7d6b75gspvnfrdpqnagfi5bbvis9-ruby-3.3.4",
              "default": true
            },
            {
              "name": "devdoc",
              "path": "/nix/store/bfrwr1n6pxd3hz31h589j317g290p0r5-ruby-3.3.4-devdoc"
            }
          ],
          "store_path": "/nix/store/8vri7d6b75gspvnfrdpqnagfi5bbvis9-ruby-3.3.4"
        },
        "x86_64-darwin": {
          "outputs": [
            {
              "name": "out",
              "path": "/nix/store/hksac0axpx3savrgmy75rid3smv0d9nj-ruby-3.3.4",
              "default": true
            },
            {
              "name": "devdoc",
              "path": "/nix/store/3564jxjgp9dk8vzjwb7i3fpzkpw74z3m-ruby-3.3.4-devdoc"
            }
          ],
          "store_path": "/nix/store/hksac0axpx3savrgmy75rid3smv0d9nj-ruby-3.3.4"
        },
        "x86_64-linux": {
          "outputs": [
            {
              "name": "out",
              "path": "/nix/store/2vg3asd3rmhng3wqvp781a1q5dhrr4yn-ruby-3.3.4",
              "default": true
            },
            {
              "name": "devdoc",
              "path": "/nix/store/2vgrf69lcz8ipawxipza3w7gsqdnbbnk-ruby-3.3.4-devdoc"
            }
          ],
          "store_path": "/nix/store/2vg3asd3rmhng3wqvp781a1q5dhrr4yn-ruby-3.3.4"
        }
      }
    },
    "tzdata@latest": {
      "last_modified": "2024-01-27T14:55:31Z",
      "resolved": "github:NixOS/nixpkgs/160b762eda6d139ac10ae081f8f78d640dd523eb#tzdata",
      "source": "devbox-search",
      "version": "2023d",
      "systems": {
        "aarch64-darwin": {
          "outputs": [
            {
              "name": "out",
              "path": "/nix/store/qihv1cy24b08lc3a6qp5zn52q06ra3rg-tzdata-2023d",
              "default": true
            },
            {
              "name": "bin",
              "path": "/nix/store/17jb9ngqqr08kqv4cvj91c1zxvcnwc0y-tzdata-2023d-bin",
              "default": true
            },
            {
              "name": "man",
              "path": "/nix/store/f95jjgxpmnbjlcpsqyv288ia2pb63wqf-tzdata-2023d-man",
              "default": true
            },
            {
              "name": "dev",
              "path": "/nix/store/3aj01xyrxclmn3avvrxd3fah4lkrf7m0-tzdata-2023d-dev"
            }
          ],
          "store_path": "/nix/store/qihv1cy24b08lc3a6qp5zn52q06ra3rg-tzdata-2023d"
        },
        "aarch64-linux": {
          "outputs": [
            {
              "name": "out",
              "path": "/nix/store/aiiq5hvkyy7pywakl2xfnyz4zndlvx65-tzdata-2023d",
              "default": true
            },
            {
              "name": "bin",
              "path": "/nix/store/vwi972fj283bqj8dca68ida4lmqh5b39-tzdata-2023d-bin",
              "default": true
            },
            {
              "name": "man",
              "path": "/nix/store/a8qnx1hfn7sp8sj57z3j4mmnxbi5wvqy-tzdata-2023d-man",
              "default": true
            },
            {
              "name": "dev",
              "path": "/nix/store/k2zidh6xskd3avzzszxfm0j352bh6hbd-tzdata-2023d-dev"
            }
          ],
          "store_path": "/nix/store/aiiq5hvkyy7pywakl2xfnyz4zndlvx65-tzdata-2023d"
        },
        "x86_64-darwin": {
          "outputs": [
            {
              "name": "out",
              "path": "/nix/store/nic7wzd4zq2w93r6s80j9m99495wyhvd-tzdata-2023d",
              "default": true
            },
            {
              "name": "bin",
              "path": "/nix/store/17h32yzbdz7dky373il2mmcmrqxf3fmc-tzdata-2023d-bin",
              "default": true
            },
            {
              "name": "man",
              "path": "/nix/store/r4vbd5h7wc4gwnqcvl83aq3pd54pmi25-tzdata-2023d-man",
              "default": true
            },
            {
              "name": "dev",
              "path": "/nix/store/ladf1baj6zddzshrf973rvcz7ypm44if-tzdata-2023d-dev"
            }
          ],
          "store_path": "/nix/store/nic7wzd4zq2w93r6s80j9m99495wyhvd-tzdata-2023d"
        },
        "x86_64-linux": {
          "outputs": [
            {
              "name": "out",
              "path": "/nix/store/g4bk1chlkfw18f6zkljygxp3r4yi8m48-tzdata-2023d",
              "default": true
            },
            {
              "name": "bin",
              "path": "/nix/store/qlrwnhfpzxkv9rgahj4pvzmnsdd6arz6-tzdata-2023d-bin",
              "default": true
            },
            {
              "name": "man",
              "path": "/nix/store/pc2x3i333s77yihq834n0fk3al5ycw52-tzdata-2023d-man",
              "default": true
            },
            {
              "name": "dev",
              "path": "/nix/store/8rk887ij71jd4a6w01m591pxi0qrd6w2-tzdata-2023d-dev"
            }
          ],
          "store_path": "/nix/store/g4bk1chlkfw18f6zkljygxp3r4yi8m48-tzdata-2023d"
        }
      }
    }
  }
}
